// !$*UTF8*$!
{
	archiveVersion = 1;
	classes = {
	};
	objectVersion = 56;
	objects = {

/* Begin PBXBuildFile section */
		2175438129E7324A009C168C /* AppDelegate.swift in Sources */ = {isa = PBXBuildFile; fileRef = 2175438029E7324A009C168C /* AppDelegate.swift */; };
		2175438329E7324A009C168C /* SceneDelegate.swift in Sources */ = {isa = PBXBuildFile; fileRef = 2175438229E7324A009C168C /* SceneDelegate.swift */; };
		2175438529E7324A009C168C /* MainViewController.swift in Sources */ = {isa = PBXBuildFile; fileRef = 2175438429E7324A009C168C /* MainViewController.swift */; };
		2175438A29E7324B009C168C /* Assets.xcassets in Resources */ = {isa = PBXBuildFile; fileRef = 2175438929E7324B009C168C /* Assets.xcassets */; };
		2175438D29E7324B009C168C /* LaunchScreen.storyboard in Resources */ = {isa = PBXBuildFile; fileRef = 2175438B29E7324B009C168C /* LaunchScreen.storyboard */; };
		2175439929E74101009C168C /* MainView.swift in Sources */ = {isa = PBXBuildFile; fileRef = 2175439829E74101009C168C /* MainView.swift */; };
		2175439C29E81FBC009C168C /* SnapKit in Frameworks */ = {isa = PBXBuildFile; productRef = 2175439B29E81FBC009C168C /* SnapKit */; };
		2175439F29E81FD5009C168C /* SwifterSwift in Frameworks */ = {isa = PBXBuildFile; productRef = 2175439E29E81FD5009C168C /* SwifterSwift */; };
		217543A229E81FED009C168C /* Then in Frameworks */ = {isa = PBXBuildFile; productRef = 217543A129E81FED009C168C /* Then */; };
		217543A829E83B21009C168C /* Alamofire in Frameworks */ = {isa = PBXBuildFile; productRef = 217543A729E83B21009C168C /* Alamofire */; };
		217543AB29E83DB5009C168C /* ApiService.swift in Sources */ = {isa = PBXBuildFile; fileRef = 217543AA29E83DB5009C168C /* ApiService.swift */; };
		217543AE29E84304009C168C /* CurrencyResponce.swift in Sources */ = {isa = PBXBuildFile; fileRef = 217543AD29E84304009C168C /* CurrencyResponce.swift */; };
/* End PBXBuildFile section */

/* Begin PBXFileReference section */
		2175437D29E7324A009C168C /* Currency Converter.app */ = {isa = PBXFileReference; explicitFileType = wrapper.application; includeInIndex = 0; path = "Currency Converter.app"; sourceTree = BUILT_PRODUCTS_DIR; };
		2175438029E7324A009C168C /* AppDelegate.swift */ = {isa = PBXFileReference; lastKnownFileType = sourcecode.swift; path = AppDelegate.swift; sourceTree = "<group>"; };
		2175438229E7324A009C168C /* SceneDelegate.swift */ = {isa = PBXFileReference; lastKnownFileType = sourcecode.swift; path = SceneDelegate.swift; sourceTree = "<group>"; };
		2175438429E7324A009C168C /* MainViewController.swift */ = {isa = PBXFileReference; lastKnownFileType = sourcecode.swift; path = MainViewController.swift; sourceTree = "<group>"; };
		2175438929E7324B009C168C /* Assets.xcassets */ = {isa = PBXFileReference; lastKnownFileType = folder.assetcatalog; path = Assets.xcassets; sourceTree = "<group>"; };
		2175438C29E7324B009C168C /* Base */ = {isa = PBXFileReference; lastKnownFileType = file.storyboard; name = Base; path = Base.lproj/LaunchScreen.storyboard; sourceTree = "<group>"; };
		2175438E29E7324B009C168C /* Info.plist */ = {isa = PBXFileReference; lastKnownFileType = text.plist.xml; path = Info.plist; sourceTree = "<group>"; };
		2175439829E74101009C168C /* MainView.swift */ = {isa = PBXFileReference; lastKnownFileType = sourcecode.swift; path = MainView.swift; sourceTree = "<group>"; };
		217543AA29E83DB5009C168C /* ApiService.swift */ = {isa = PBXFileReference; lastKnownFileType = sourcecode.swift; path = ApiService.swift; sourceTree = "<group>"; };
		217543AD29E84304009C168C /* CurrencyResponce.swift */ = {isa = PBXFileReference; lastKnownFileType = sourcecode.swift; path = CurrencyResponce.swift; sourceTree = "<group>"; };
/* End PBXFileReference section */

/* Begin PBXFrameworksBuildPhase section */
		2175437A29E7324A009C168C /* Frameworks */ = {
			isa = PBXFrameworksBuildPhase;
			buildActionMask = 2147483647;
			files = (
				2175439C29E81FBC009C168C /* SnapKit in Frameworks */,
				217543A829E83B21009C168C /* Alamofire in Frameworks */,
				217543A229E81FED009C168C /* Then in Frameworks */,
				2175439F29E81FD5009C168C /* SwifterSwift in Frameworks */,
			);
			runOnlyForDeploymentPostprocessing = 0;
		};
/* End PBXFrameworksBuildPhase section */

/* Begin PBXGroup section */
		2175437429E7324A009C168C = {
			isa = PBXGroup;
			children = (
				2175437F29E7324A009C168C /* Currency Converter */,
				2175437E29E7324A009C168C /* Products */,
			);
			sourceTree = "<group>";
		};
		2175437E29E7324A009C168C /* Products */ = {
			isa = PBXGroup;
			children = (
				2175437D29E7324A009C168C /* Currency Converter.app */,
			);
			name = Products;
			sourceTree = "<group>";
		};
		2175437F29E7324A009C168C /* Currency Converter */ = {
			isa = PBXGroup;
			children = (
				2175439629E7407A009C168C /* Application */,
				2175439729E74099009C168C /* Modules */,
				217543A929E83D8A009C168C /* Services */,
				217543AC29E842DD009C168C /* Models */,
				2175439529E7405C009C168C /* Resources */,
			);
			path = "Currency Converter";
			sourceTree = "<group>";
		};
		2175439529E7405C009C168C /* Resources */ = {
			isa = PBXGroup;
			children = (
				2175438929E7324B009C168C /* Assets.xcassets */,
				2175438B29E7324B009C168C /* LaunchScreen.storyboard */,
				2175438E29E7324B009C168C /* Info.plist */,
			);
			path = Resources;
			sourceTree = "<group>";
		};
		2175439629E7407A009C168C /* Application */ = {
			isa = PBXGroup;
			children = (
				2175438029E7324A009C168C /* AppDelegate.swift */,
				2175438229E7324A009C168C /* SceneDelegate.swift */,
			);
			path = Application;
			sourceTree = "<group>";
		};
		2175439729E74099009C168C /* Modules */ = {
			isa = PBXGroup;
			children = (
				2175438429E7324A009C168C /* MainViewController.swift */,
				2175439829E74101009C168C /* MainView.swift */,
			);
			path = Modules;
			sourceTree = "<group>";
		};
		217543A929E83D8A009C168C /* Services */ = {
			isa = PBXGroup;
			children = (
				217543AA29E83DB5009C168C /* ApiService.swift */,
			);
			path = Services;
			sourceTree = "<group>";
		};
		217543AC29E842DD009C168C /* Models */ = {
			isa = PBXGroup;
			children = (
				217543AD29E84304009C168C /* CurrencyResponce.swift */,
			);
			path = Models;
			sourceTree = "<group>";
		};
/* End PBXGroup section */

/* Begin PBXNativeTarget section */
		2175437C29E7324A009C168C /* Currency Converter */ = {
			isa = PBXNativeTarget;
			buildConfigurationList = 2175439129E7324B009C168C /* Build configuration list for PBXNativeTarget "Currency Converter" */;
			buildPhases = (
				2175437929E7324A009C168C /* Sources */,
				2175437A29E7324A009C168C /* Frameworks */,
				2175437B29E7324A009C168C /* Resources */,
				2175439429E732A5009C168C /* Swiftlint */,
			);
			buildRules = (
			);
			dependencies = (
			);
			name = "Currency Converter";
			packageProductDependencies = (
				2175439B29E81FBC009C168C /* SnapKit */,
				2175439E29E81FD5009C168C /* SwifterSwift */,
				217543A129E81FED009C168C /* Then */,
				217543A729E83B21009C168C /* Alamofire */,
			);
			productName = "Currency Converter";
			productReference = 2175437D29E7324A009C168C /* Currency Converter.app */;
			productType = "com.apple.product-type.application";
		};
/* End PBXNativeTarget section */

/* Begin PBXProject section */
		2175437529E7324A009C168C /* Project object */ = {
			isa = PBXProject;
			attributes = {
				BuildIndependentTargetsInParallel = 1;
				LastSwiftUpdateCheck = 1420;
				LastUpgradeCheck = 1420;
				TargetAttributes = {
					2175437C29E7324A009C168C = {
						CreatedOnToolsVersion = 14.2;
					};
				};
			};
			buildConfigurationList = 2175437829E7324A009C168C /* Build configuration list for PBXProject "Currency Converter" */;
			compatibilityVersion = "Xcode 14.0";
			developmentRegion = en;
			hasScannedForEncodings = 0;
			knownRegions = (
				en,
				Base,
			);
			mainGroup = 2175437429E7324A009C168C;
			packageReferences = (
				2175439A29E81FBC009C168C /* XCRemoteSwiftPackageReference "SnapKit" */,
				2175439D29E81FD5009C168C /* XCRemoteSwiftPackageReference "SwifterSwift" */,
				217543A029E81FED009C168C /* XCRemoteSwiftPackageReference "Then" */,
				217543A629E83B21009C168C /* XCRemoteSwiftPackageReference "Alamofire" */,
			);
			productRefGroup = 2175437E29E7324A009C168C /* Products */;
			projectDirPath = "";
			projectRoot = "";
			targets = (
				2175437C29E7324A009C168C /* Currency Converter */,
			);
		};
/* End PBXProject section */

/* Begin PBXResourcesBuildPhase section */
		2175437B29E7324A009C168C /* Resources */ = {
			isa = PBXResourcesBuildPhase;
			buildActionMask = 2147483647;
			files = (
				2175438D29E7324B009C168C /* LaunchScreen.storyboard in Resources */,
				2175438A29E7324B009C168C /* Assets.xcassets in Resources */,
			);
			runOnlyForDeploymentPostprocessing = 0;
		};
/* End PBXResourcesBuildPhase section */

/* Begin PBXShellScriptBuildPhase section */
		2175439429E732A5009C168C /* Swiftlint */ = {
			isa = PBXShellScriptBuildPhase;
			buildActionMask = 2147483647;
			files = (
			);
			inputFileListPaths = (
			);
			inputPaths = (
			);
			name = Swiftlint;
			outputFileListPaths = (
			);
			outputPaths = (
			);
			runOnlyForDeploymentPostprocessing = 0;
			shellPath = /bin/sh;
			shellScript = "export PATH=\"$PATH:/opt/homebrew/bin\"\nif which swiftlint > /dev/null; then\n  swiftlint\nelse\n  echo \"warning: SwiftLint not installed, download from https://github.com/realm/SwiftLint\"\nfi\n";
		};
/* End PBXShellScriptBuildPhase section */

/* Begin PBXSourcesBuildPhase section */
		2175437929E7324A009C168C /* Sources */ = {
			isa = PBXSourcesBuildPhase;
			buildActionMask = 2147483647;
			files = (
				2175438529E7324A009C168C /* MainViewController.swift in Sources */,
				217543AB29E83DB5009C168C /* ApiService.swift in Sources */,
				2175439929E74101009C168C /* MainView.swift in Sources */,
				2175438129E7324A009C168C /* AppDelegate.swift in Sources */,
				2175438329E7324A009C168C /* SceneDelegate.swift in Sources */,
				217543AE29E84304009C168C /* CurrencyResponce.swift in Sources */,
			);
			runOnlyForDeploymentPostprocessing = 0;
		};
/* End PBXSourcesBuildPhase section */

/* Begin PBXVariantGroup section */
		2175438B29E7324B009C168C /* LaunchScreen.storyboard */ = {
			isa = PBXVariantGroup;
			children = (
				2175438C29E7324B009C168C /* Base */,
			);
			name = LaunchScreen.storyboard;
			sourceTree = "<group>";
		};
/* End PBXVariantGroup section */

/* Begin XCBuildConfiguration section */
		2175438F29E7324B009C168C /* Debug */ = {
			isa = XCBuildConfiguration;
			buildSettings = {
				ALWAYS_SEARCH_USER_PATHS = NO;
				CLANG_ANALYZER_NONNULL = YES;
				CLANG_ANALYZER_NUMBER_OBJECT_CONVERSION = YES_AGGRESSIVE;
				CLANG_CXX_LANGUAGE_STANDARD = "gnu++20";
				CLANG_ENABLE_MODULES = YES;
				CLANG_ENABLE_OBJC_ARC = YES;
				CLANG_ENABLE_OBJC_WEAK = YES;
				CLANG_WARN_BLOCK_CAPTURE_AUTORELEASING = YES;
				CLANG_WARN_BOOL_CONVERSION = YES;
				CLANG_WARN_COMMA = YES;
				CLANG_WARN_CONSTANT_CONVERSION = YES;
				CLANG_WARN_DEPRECATED_OBJC_IMPLEMENTATIONS = YES;
				CLANG_WARN_DIRECT_OBJC_ISA_USAGE = YES_ERROR;
				CLANG_WARN_DOCUMENTATION_COMMENTS = YES;
				CLANG_WARN_EMPTY_BODY = YES;
				CLANG_WARN_ENUM_CONVERSION = YES;
				CLANG_WARN_INFINITE_RECURSION = YES;
				CLANG_WARN_INT_CONVERSION = YES;
				CLANG_WARN_NON_LITERAL_NULL_CONVERSION = YES;
				CLANG_WARN_OBJC_IMPLICIT_RETAIN_SELF = YES;
				CLANG_WARN_OBJC_LITERAL_CONVERSION = YES;
				CLANG_WARN_OBJC_ROOT_CLASS = YES_ERROR;
				CLANG_WARN_QUOTED_INCLUDE_IN_FRAMEWORK_HEADER = YES;
				CLANG_WARN_RANGE_LOOP_ANALYSIS = YES;
				CLANG_WARN_STRICT_PROTOTYPES = YES;
				CLANG_WARN_SUSPICIOUS_MOVE = YES;
				CLANG_WARN_UNGUARDED_AVAILABILITY = YES_AGGRESSIVE;
				CLANG_WARN_UNREACHABLE_CODE = YES;
				CLANG_WARN__DUPLICATE_METHOD_MATCH = YES;
				COPY_PHASE_STRIP = NO;
				DEBUG_INFORMATION_FORMAT = dwarf;
				ENABLE_STRICT_OBJC_MSGSEND = YES;
				ENABLE_TESTABILITY = YES;
				GCC_C_LANGUAGE_STANDARD = gnu11;
				GCC_DYNAMIC_NO_PIC = NO;
				GCC_NO_COMMON_BLOCKS = YES;
				GCC_OPTIMIZATION_LEVEL = 0;
				GCC_PREPROCESSOR_DEFINITIONS = (
					"DEBUG=1",
					"$(inherited)",
				);
				GCC_WARN_64_TO_32_BIT_CONVERSION = YES;
				GCC_WARN_ABOUT_RETURN_TYPE = YES_ERROR;
				GCC_WARN_UNDECLARED_SELECTOR = YES;
				GCC_WARN_UNINITIALIZED_AUTOS = YES_AGGRESSIVE;
				GCC_WARN_UNUSED_FUNCTION = YES;
				GCC_WARN_UNUSED_VARIABLE = YES;
				IPHONEOS_DEPLOYMENT_TARGET = 16.2;
				MTL_ENABLE_DEBUG_INFO = INCLUDE_SOURCE;
				MTL_FAST_MATH = YES;
				ONLY_ACTIVE_ARCH = YES;
				SDKROOT = iphoneos;
				SWIFT_ACTIVE_COMPILATION_CONDITIONS = DEBUG;
				SWIFT_OPTIMIZATION_LEVEL = "-Onone";
			};
			name = Debug;
		};
		2175439029E7324B009C168C /* Release */ = {
			isa = XCBuildConfiguration;
			buildSettings = {
				ALWAYS_SEARCH_USER_PATHS = NO;
				CLANG_ANALYZER_NONNULL = YES;
				CLANG_ANALYZER_NUMBER_OBJECT_CONVERSION = YES_AGGRESSIVE;
				CLANG_CXX_LANGUAGE_STANDARD = "gnu++20";
				CLANG_ENABLE_MODULES = YES;
				CLANG_ENABLE_OBJC_ARC = YES;
				CLANG_ENABLE_OBJC_WEAK = YES;
				CLANG_WARN_BLOCK_CAPTURE_AUTORELEASING = YES;
				CLANG_WARN_BOOL_CONVERSION = YES;
				CLANG_WARN_COMMA = YES;
				CLANG_WARN_CONSTANT_CONVERSION = YES;
				CLANG_WARN_DEPRECATED_OBJC_IMPLEMENTATIONS = YES;
				CLANG_WARN_DIRECT_OBJC_ISA_USAGE = YES_ERROR;
				CLANG_WARN_DOCUMENTATION_COMMENTS = YES;
				CLANG_WARN_EMPTY_BODY = YES;
				CLANG_WARN_ENUM_CONVERSION = YES;
				CLANG_WARN_INFINITE_RECURSION = YES;
				CLANG_WARN_INT_CONVERSION = YES;
				CLANG_WARN_NON_LITERAL_NULL_CONVERSION = YES;
				CLANG_WARN_OBJC_IMPLICIT_RETAIN_SELF = YES;
				CLANG_WARN_OBJC_LITERAL_CONVERSION = YES;
				CLANG_WARN_OBJC_ROOT_CLASS = YES_ERROR;
				CLANG_WARN_QUOTED_INCLUDE_IN_FRAMEWORK_HEADER = YES;
				CLANG_WARN_RANGE_LOOP_ANALYSIS = YES;
				CLANG_WARN_STRICT_PROTOTYPES = YES;
				CLANG_WARN_SUSPICIOUS_MOVE = YES;
				CLANG_WARN_UNGUARDED_AVAILABILITY = YES_AGGRESSIVE;
				CLANG_WARN_UNREACHABLE_CODE = YES;
				CLANG_WARN__DUPLICATE_METHOD_MATCH = YES;
				COPY_PHASE_STRIP = NO;
				DEBUG_INFORMATION_FORMAT = "dwarf-with-dsym";
				ENABLE_NS_ASSERTIONS = NO;
				ENABLE_STRICT_OBJC_MSGSEND = YES;
				GCC_C_LANGUAGE_STANDARD = gnu11;
				GCC_NO_COMMON_BLOCKS = YES;
				GCC_WARN_64_TO_32_BIT_CONVERSION = YES;
				GCC_WARN_ABOUT_RETURN_TYPE = YES_ERROR;
				GCC_WARN_UNDECLARED_SELECTOR = YES;
				GCC_WARN_UNINITIALIZED_AUTOS = YES_AGGRESSIVE;
				GCC_WARN_UNUSED_FUNCTION = YES;
				GCC_WARN_UNUSED_VARIABLE = YES;
				IPHONEOS_DEPLOYMENT_TARGET = 16.2;
				MTL_ENABLE_DEBUG_INFO = NO;
				MTL_FAST_MATH = YES;
				SDKROOT = iphoneos;
				SWIFT_COMPILATION_MODE = wholemodule;
				SWIFT_OPTIMIZATION_LEVEL = "-O";
				VALIDATE_PRODUCT = YES;
			};
			name = Release;
		};
		2175439229E7324B009C168C /* Debug */ = {
			isa = XCBuildConfiguration;
			buildSettings = {
				ASSETCATALOG_COMPILER_APPICON_NAME = AppIcon;
				ASSETCATALOG_COMPILER_GLOBAL_ACCENT_COLOR_NAME = AccentColor;
				CODE_SIGN_STYLE = Automatic;
				CURRENT_PROJECT_VERSION = 1;
				DEVELOPMENT_TEAM = T5826VSXK9;
				GENERATE_INFOPLIST_FILE = YES;
				INFOPLIST_FILE = "Currency Converter/Info.plist";
				INFOPLIST_KEY_UIApplicationSupportsIndirectInputEvents = YES;
				INFOPLIST_KEY_UILaunchStoryboardName = LaunchScreen;
				INFOPLIST_KEY_UISupportedInterfaceOrientations_iPad = "UIInterfaceOrientationPortrait UIInterfaceOrientationPortraitUpsideDown UIInterfaceOrientationLandscapeLeft UIInterfaceOrientationLandscapeRight";
				INFOPLIST_KEY_UISupportedInterfaceOrientations_iPhone = "UIInterfaceOrientationPortrait UIInterfaceOrientationLandscapeLeft UIInterfaceOrientationLandscapeRight";
				IPHONEOS_DEPLOYMENT_TARGET = 14.0;
				LD_RUNPATH_SEARCH_PATHS = (
					"$(inherited)",
					"@executable_path/Frameworks",
				);
				MARKETING_VERSION = 1.0;
				PRODUCT_BUNDLE_IDENTIFIER = "seryakova.Currency-Converter";
				PRODUCT_NAME = "$(TARGET_NAME)";
				SWIFT_EMIT_LOC_STRINGS = YES;
				SWIFT_VERSION = 5.0;
				TARGETED_DEVICE_FAMILY = "1,2";
			};
			name = Debug;
		};
		2175439329E7324B009C168C /* Release */ = {
			isa = XCBuildConfiguration;
			buildSettings = {
				ASSETCATALOG_COMPILER_APPICON_NAME = AppIcon;
				ASSETCATALOG_COMPILER_GLOBAL_ACCENT_COLOR_NAME = AccentColor;
				CODE_SIGN_STYLE = Automatic;
				CURRENT_PROJECT_VERSION = 1;
				DEVELOPMENT_TEAM = T5826VSXK9;
				GENERATE_INFOPLIST_FILE = YES;
				INFOPLIST_FILE = "Currency Converter/Info.plist";
				INFOPLIST_KEY_UIApplicationSupportsIndirectInputEvents = YES;
				INFOPLIST_KEY_UILaunchStoryboardName = LaunchScreen;
				INFOPLIST_KEY_UISupportedInterfaceOrientations_iPad = "UIInterfaceOrientationPortrait UIInterfaceOrientationPortraitUpsideDown UIInterfaceOrientationLandscapeLeft UIInterfaceOrientationLandscapeRight";
				INFOPLIST_KEY_UISupportedInterfaceOrientations_iPhone = "UIInterfaceOrientationPortrait UIInterfaceOrientationLandscapeLeft UIInterfaceOrientationLandscapeRight";
				IPHONEOS_DEPLOYMENT_TARGET = 14.0;
				LD_RUNPATH_SEARCH_PATHS = (
					"$(inherited)",
					"@executable_path/Frameworks",
				);
				MARKETING_VERSION = 1.0;
				PRODUCT_BUNDLE_IDENTIFIER = "seryakova.Currency-Converter";
				PRODUCT_NAME = "$(TARGET_NAME)";
				SWIFT_EMIT_LOC_STRINGS = YES;
				SWIFT_VERSION = 5.0;
				TARGETED_DEVICE_FAMILY = "1,2";
			};
			name = Release;
		};
/* End XCBuildConfiguration section */

/* Begin XCConfigurationList section */
		2175437829E7324A009C168C /* Build configuration list for PBXProject "Currency Converter" */ = {
			isa = XCConfigurationList;
			buildConfigurations = (
				2175438F29E7324B009C168C /* Debug */,
				2175439029E7324B009C168C /* Release */,
			);
			defaultConfigurationIsVisible = 0;
			defaultConfigurationName = Release;
		};
		2175439129E7324B009C168C /* Build configuration list for PBXNativeTarget "Currency Converter" */ = {
			isa = XCConfigurationList;
			buildConfigurations = (
				2175439229E7324B009C168C /* Debug */,
				2175439329E7324B009C168C /* Release */,
			);
			defaultConfigurationIsVisible = 0;
			defaultConfigurationName = Release;
		};
/* End XCConfigurationList section */

/* Begin XCRemoteSwiftPackageReference section */
		2175439A29E81FBC009C168C /* XCRemoteSwiftPackageReference "SnapKit" */ = {
			isa = XCRemoteSwiftPackageReference;
			repositoryURL = "https://github.com/SnapKit/SnapKit.git";
			requirement = {
				kind = upToNextMinorVersion;
				minimumVersion = 5.6.0;
			};
		};
		2175439D29E81FD5009C168C /* XCRemoteSwiftPackageReference "SwifterSwift" */ = {
			isa = XCRemoteSwiftPackageReference;
			repositoryURL = "https://github.com/SwifterSwift/SwifterSwift";
			requirement = {
				kind = upToNextMinorVersion;
				minimumVersion = 5.3.0;
			};
		};
		217543A029E81FED009C168C /* XCRemoteSwiftPackageReference "Then" */ = {
			isa = XCRemoteSwiftPackageReference;
			repositoryURL = "https://github.com/devxoul/Then";
			requirement = {
				kind = upToNextMinorVersion;
				minimumVersion = 3.0.0;
			};
		};
		217543A629E83B21009C168C /* XCRemoteSwiftPackageReference "Alamofire" */ = {
			isa = XCRemoteSwiftPackageReference;
			repositoryURL = "https://github.com/Alamofire/Alamofire";
			requirement = {
				kind = upToNextMinorVersion;
				minimumVersion = 5.6.0;
			};
		};
/* End XCRemoteSwiftPackageReference section */

/* Begin XCSwiftPackageProductDependency section */
		2175439B29E81FBC009C168C /* SnapKit */ = {
			isa = XCSwiftPackageProductDependency;
			package = 2175439A29E81FBC009C168C /* XCRemoteSwiftPackageReference "SnapKit" */;
			productName = SnapKit;
		};
		2175439E29E81FD5009C168C /* SwifterSwift */ = {
			isa = XCSwiftPackageProductDependency;
			package = 2175439D29E81FD5009C168C /* XCRemoteSwiftPackageReference "SwifterSwift" */;
			productName = SwifterSwift;
		};
		217543A129E81FED009C168C /* Then */ = {
			isa = XCSwiftPackageProductDependency;
			package = 217543A029E81FED009C168C /* XCRemoteSwiftPackageReference "Then" */;
			productName = Then;
		};
		217543A729E83B21009C168C /* Alamofire */ = {
			isa = XCSwiftPackageProductDependency;
			package = 217543A629E83B21009C168C /* XCRemoteSwiftPackageReference "Alamofire" */;
			productName = Alamofire;
		};
/* End XCSwiftPackageProductDependency section */
	};
	rootObject = 2175437529E7324A009C168C /* Project object */;
}
